
Microsoft Visual Studio Solution File, Format Version 12.00
# Visual Studio Version 17
VisualStudioVersion = 17.3.32929.385
MinimumVisualStudioVersion = 10.0.40219.1
Project("{FAE04EC0-301F-11D3-BF4B-00C04F79EFBC}") = "Goods", "Goods\Goods.csproj", "{9A4BDC24-3C05-46D4-A709-6BDE67DF7E64}"
EndProject
Global
	GlobalSection(SolutionConfigurationPlatforms) = preSolution
		Debug|Any CPU = Debug|Any CPU
		Release|Any CPU = Release|Any CPU
	EndGlobalSection
	GlobalSection(ProjectConfigurationPlatforms) = postSolution
		{9A4BDC24-3C05-46D4-A709-6BDE67DF7E64}.Debug|Any CPU.ActiveCfg = Debug|Any CPU
		{9A4BDC24-3C05-46D4-A709-6BDE67DF7E64}.Debug|Any CPU.Build.0 = Debug|Any CPU
		{9A4BDC24-3C05-46D4-A709-6BDE67DF7E64}.Release|Any CPU.ActiveCfg = Release|Any CPU
		{9A4BDC24-3C05-46D4-A709-6BDE67DF7E64}.Release|Any CPU.Build.0 = Release|Any CPU
	EndGlobalSection
	GlobalSection(SolutionProperties) = preSolution
		HideSolutionNode = FALSE
	EndGlobalSection
	GlobalSection(ExtensibilityGlobals) = postSolution
		SolutionGuid = {A71B0CD4-F58A-406E-9BF1-1A6A632C1F51}
	EndGlobalSection
EndGlobal
